// !$*UTF8*$!
{
	archiveVersion = 1;
	classes = {
	};
	objectVersion = 46;
	objects = {

/* Begin PBXBuildFile section */
		B90F51971D5B7150006A1511 /* main.m in Sources */ = {isa = PBXBuildFile; fileRef = B90F51961D5B7150006A1511 /* main.m */; };
		B90F51A21D5B7150006A1511 /* Assets.xcassets in Resources */ = {isa = PBXBuildFile; fileRef = B90F51A11D5B7150006A1511 /* Assets.xcassets */; };
		B90F51A51D5B7150006A1511 /* LaunchScreen.storyboard in Resources */ = {isa = PBXBuildFile; fileRef = B90F51A31D5B7150006A1511 /* LaunchScreen.storyboard */; };
		B90F51B01D5B7150006A1511 /* LegendaryCalendarTests.m in Sources */ = {isa = PBXBuildFile; fileRef = B90F51AF1D5B7150006A1511 /* LegendaryCalendarTests.m */; };
		B90F51BB1D5B7150006A1511 /* LegendaryCalendarUITests.m in Sources */ = {isa = PBXBuildFile; fileRef = B90F51BA1D5B7150006A1511 /* LegendaryCalendarUITests.m */; };
		B90F52051D5CD078006A1511 /* LCRootNavigationController.m in Sources */ = {isa = PBXBuildFile; fileRef = B90F51FF1D5CD078006A1511 /* LCRootNavigationController.m */; };
		B90F52061D5CD078006A1511 /* LCRootTabBarController.m in Sources */ = {isa = PBXBuildFile; fileRef = B90F52011D5CD078006A1511 /* LCRootTabBarController.m */; };
		B90F52071D5CD078006A1511 /* LCRootViewController.m in Sources */ = {isa = PBXBuildFile; fileRef = B90F52031D5CD078006A1511 /* LCRootViewController.m */; };
		B90F520A1D5CD07F006A1511 /* LCAppDelegate.m in Sources */ = {isa = PBXBuildFile; fileRef = B90F52091D5CD07F006A1511 /* LCAppDelegate.m */; };
		B90F52201D5CD1F0006A1511 /* LCCalendarCell.m in Sources */ = {isa = PBXBuildFile; fileRef = B90F521F1D5CD1F0006A1511 /* LCCalendarCell.m */; };
		B90F522A1D5CD40C006A1511 /* LCCalendarCellModel.m in Sources */ = {isa = PBXBuildFile; fileRef = B90F52291D5CD40C006A1511 /* LCCalendarCellModel.m */; };
		B90F522D1D5E48CE006A1511 /* NSDate+LCCalendarTests.m in Sources */ = {isa = PBXBuildFile; fileRef = B90F522C1D5E48CE006A1511 /* NSDate+LCCalendarTests.m */; };
		B90F52351D5FA629006A1511 /* LCScrollView.m in Sources */ = {isa = PBXBuildFile; fileRef = B90F52341D5FA629006A1511 /* LCScrollView.m */; };
		B90F52381D606D95006A1511 /* LCCalendarViewController.m in Sources */ = {isa = PBXBuildFile; fileRef = B90F52371D606D95006A1511 /* LCCalendarViewController.m */; };
		B90F523B1D606DB9006A1511 /* LCCalendarTitleView.m in Sources */ = {isa = PBXBuildFile; fileRef = B90F523A1D606DB9006A1511 /* LCCalendarTitleView.m */; };
		B90F52411D606ECB006A1511 /* LCCalendarWeekView.m in Sources */ = {isa = PBXBuildFile; fileRef = B90F52401D606ECB006A1511 /* LCCalendarWeekView.m */; };
		B90F52441D607CEF006A1511 /* LCCalendarView.m in Sources */ = {isa = PBXBuildFile; fileRef = B90F52431D607CEF006A1511 /* LCCalendarView.m */; };
		B90F52471D607D00006A1511 /* LCCalendarModel.m in Sources */ = {isa = PBXBuildFile; fileRef = B90F52461D607D00006A1511 /* LCCalendarModel.m */; };
		B90F524A1D60C1B3006A1511 /* LCCalendarContentView.m in Sources */ = {isa = PBXBuildFile; fileRef = B90F52491D60C1B3006A1511 /* LCCalendarContentView.m */; };
		B90F52511D60C5C5006A1511 /* LCCalendarHandler.m in Sources */ = {isa = PBXBuildFile; fileRef = B90F52501D60C5C5006A1511 /* LCCalendarHandler.m */; };
		B932AE521D7191BB0058833E /* LCActionPickerToolBar.m in Sources */ = {isa = PBXBuildFile; fileRef = B932AE511D7191BB0058833E /* LCActionPickerToolBar.m */; };
		B951FF841D63560C008779AE /* NSDate+LCCalendar.m in Sources */ = {isa = PBXBuildFile; fileRef = B951FF821D63560C008779AE /* NSDate+LCCalendar.m */; };
		B951FF871D635621008779AE /* LCActionPicker.m in Sources */ = {isa = PBXBuildFile; fileRef = B951FF861D635621008779AE /* LCActionPicker.m */; };
/* End PBXBuildFile section */

/* Begin PBXContainerItemProxy section */
		B90F51AC1D5B7150006A1511 /* PBXContainerItemProxy */ = {
			isa = PBXContainerItemProxy;
			containerPortal = B90F518A1D5B7150006A1511 /* Project object */;
			proxyType = 1;
			remoteGlobalIDString = B90F51911D5B7150006A1511;
			remoteInfo = LegendaryCalendar;
		};
		B90F51B71D5B7150006A1511 /* PBXContainerItemProxy */ = {
			isa = PBXContainerItemProxy;
			containerPortal = B90F518A1D5B7150006A1511 /* Project object */;
			proxyType = 1;
			remoteGlobalIDString = B90F51911D5B7150006A1511;
			remoteInfo = LegendaryCalendar;
		};
/* End PBXContainerItemProxy section */

/* Begin PBXFileReference section */
		B90F51921D5B7150006A1511 /* LegendaryCalendar.app */ = {isa = PBXFileReference; explicitFileType = wrapper.application; includeInIndex = 0; path = LegendaryCalendar.app; sourceTree = BUILT_PRODUCTS_DIR; };
		B90F51961D5B7150006A1511 /* main.m */ = {isa = PBXFileReference; lastKnownFileType = sourcecode.c.objc; path = main.m; sourceTree = "<group>"; };
		B90F51A11D5B7150006A1511 /* Assets.xcassets */ = {isa = PBXFileReference; lastKnownFileType = folder.assetcatalog; path = Assets.xcassets; sourceTree = "<group>"; };
		B90F51A41D5B7150006A1511 /* Base */ = {isa = PBXFileReference; lastKnownFileType = file.storyboard; name = Base; path = Base.lproj/LaunchScreen.storyboard; sourceTree = "<group>"; };
		B90F51A61D5B7150006A1511 /* Info.plist */ = {isa = PBXFileReference; lastKnownFileType = text.plist.xml; path = Info.plist; sourceTree = "<group>"; };
		B90F51AB1D5B7150006A1511 /* LegendaryCalendarTests.xctest */ = {isa = PBXFileReference; explicitFileType = wrapper.cfbundle; includeInIndex = 0; path = LegendaryCalendarTests.xctest; sourceTree = BUILT_PRODUCTS_DIR; };
		B90F51AF1D5B7150006A1511 /* LegendaryCalendarTests.m */ = {isa = PBXFileReference; lastKnownFileType = sourcecode.c.objc; path = LegendaryCalendarTests.m; sourceTree = "<group>"; };
		B90F51B11D5B7150006A1511 /* Info.plist */ = {isa = PBXFileReference; lastKnownFileType = text.plist.xml; path = Info.plist; sourceTree = "<group>"; };
		B90F51B61D5B7150006A1511 /* LegendaryCalendarUITests.xctest */ = {isa = PBXFileReference; explicitFileType = wrapper.cfbundle; includeInIndex = 0; path = LegendaryCalendarUITests.xctest; sourceTree = BUILT_PRODUCTS_DIR; };
		B90F51BA1D5B7150006A1511 /* LegendaryCalendarUITests.m */ = {isa = PBXFileReference; lastKnownFileType = sourcecode.c.objc; path = LegendaryCalendarUITests.m; sourceTree = "<group>"; };
		B90F51BC1D5B7150006A1511 /* Info.plist */ = {isa = PBXFileReference; lastKnownFileType = text.plist.xml; path = Info.plist; sourceTree = "<group>"; };
		B90F51FE1D5CD078006A1511 /* LCRootNavigationController.h */ = {isa = PBXFileReference; fileEncoding = 4; lastKnownFileType = sourcecode.c.h; path = LCRootNavigationController.h; sourceTree = "<group>"; };
		B90F51FF1D5CD078006A1511 /* LCRootNavigationController.m */ = {isa = PBXFileReference; fileEncoding = 4; lastKnownFileType = sourcecode.c.objc; path = LCRootNavigationController.m; sourceTree = "<group>"; };
		B90F52001D5CD078006A1511 /* LCRootTabBarController.h */ = {isa = PBXFileReference; fileEncoding = 4; lastKnownFileType = sourcecode.c.h; path = LCRootTabBarController.h; sourceTree = "<group>"; };
		B90F52011D5CD078006A1511 /* LCRootTabBarController.m */ = {isa = PBXFileReference; fileEncoding = 4; lastKnownFileType = sourcecode.c.objc; path = LCRootTabBarController.m; sourceTree = "<group>"; };
		B90F52021D5CD078006A1511 /* LCRootViewController.h */ = {isa = PBXFileReference; fileEncoding = 4; lastKnownFileType = sourcecode.c.h; path = LCRootViewController.h; sourceTree = "<group>"; };
		B90F52031D5CD078006A1511 /* LCRootViewController.m */ = {isa = PBXFileReference; fileEncoding = 4; lastKnownFileType = sourcecode.c.objc; path = LCRootViewController.m; sourceTree = "<group>"; };
		B90F52081D5CD07F006A1511 /* LCAppDelegate.h */ = {isa = PBXFileReference; fileEncoding = 4; lastKnownFileType = sourcecode.c.h; path = LCAppDelegate.h; sourceTree = "<group>"; };
		B90F52091D5CD07F006A1511 /* LCAppDelegate.m */ = {isa = PBXFileReference; fileEncoding = 4; lastKnownFileType = sourcecode.c.objc; path = LCAppDelegate.m; sourceTree = "<group>"; };
		B90F521E1D5CD1F0006A1511 /* LCCalendarCell.h */ = {isa = PBXFileReference; fileEncoding = 4; lastKnownFileType = sourcecode.c.h; path = LCCalendarCell.h; sourceTree = "<group>"; };
		B90F521F1D5CD1F0006A1511 /* LCCalendarCell.m */ = {isa = PBXFileReference; fileEncoding = 4; lastKnownFileType = sourcecode.c.objc; path = LCCalendarCell.m; sourceTree = "<group>"; };
		B90F52281D5CD40C006A1511 /* LCCalendarCellModel.h */ = {isa = PBXFileReference; fileEncoding = 4; lastKnownFileType = sourcecode.c.h; path = LCCalendarCellModel.h; sourceTree = "<group>"; };
		B90F52291D5CD40C006A1511 /* LCCalendarCellModel.m */ = {isa = PBXFileReference; fileEncoding = 4; lastKnownFileType = sourcecode.c.objc; path = LCCalendarCellModel.m; sourceTree = "<group>"; };
		B90F522C1D5E48CE006A1511 /* NSDate+LCCalendarTests.m */ = {isa = PBXFileReference; fileEncoding = 4; lastKnownFileType = sourcecode.c.objc; path = "NSDate+LCCalendarTests.m"; sourceTree = "<group>"; };
		B90F52311D5F0C0F006A1511 /* LCPrefix.pch */ = {isa = PBXFileReference; fileEncoding = 4; lastKnownFileType = sourcecode.c.h; path = LCPrefix.pch; sourceTree = "<group>"; };
		B90F52331D5FA629006A1511 /* LCScrollView.h */ = {isa = PBXFileReference; fileEncoding = 4; lastKnownFileType = sourcecode.c.h; path = LCScrollView.h; sourceTree = "<group>"; };
		B90F52341D5FA629006A1511 /* LCScrollView.m */ = {isa = PBXFileReference; fileEncoding = 4; lastKnownFileType = sourcecode.c.objc; path = LCScrollView.m; sourceTree = "<group>"; };
		B90F52361D606D95006A1511 /* LCCalendarViewController.h */ = {isa = PBXFileReference; fileEncoding = 4; lastKnownFileType = sourcecode.c.h; path = LCCalendarViewController.h; sourceTree = "<group>"; };
		B90F52371D606D95006A1511 /* LCCalendarViewController.m */ = {isa = PBXFileReference; fileEncoding = 4; lastKnownFileType = sourcecode.c.objc; path = LCCalendarViewController.m; sourceTree = "<group>"; };
		B90F52391D606DB9006A1511 /* LCCalendarTitleView.h */ = {isa = PBXFileReference; fileEncoding = 4; lastKnownFileType = sourcecode.c.h; path = LCCalendarTitleView.h; sourceTree = "<group>"; };
		B90F523A1D606DB9006A1511 /* LCCalendarTitleView.m */ = {isa = PBXFileReference; fileEncoding = 4; lastKnownFileType = sourcecode.c.objc; path = LCCalendarTitleView.m; sourceTree = "<group>"; };
		B90F523F1D606ECB006A1511 /* LCCalendarWeekView.h */ = {isa = PBXFileReference; fileEncoding = 4; lastKnownFileType = sourcecode.c.h; path = LCCalendarWeekView.h; sourceTree = "<group>"; };
		B90F52401D606ECB006A1511 /* LCCalendarWeekView.m */ = {isa = PBXFileReference; fileEncoding = 4; lastKnownFileType = sourcecode.c.objc; path = LCCalendarWeekView.m; sourceTree = "<group>"; };
		B90F52421D607CEF006A1511 /* LCCalendarView.h */ = {isa = PBXFileReference; fileEncoding = 4; lastKnownFileType = sourcecode.c.h; path = LCCalendarView.h; sourceTree = "<group>"; };
		B90F52431D607CEF006A1511 /* LCCalendarView.m */ = {isa = PBXFileReference; fileEncoding = 4; lastKnownFileType = sourcecode.c.objc; path = LCCalendarView.m; sourceTree = "<group>"; };
		B90F52451D607D00006A1511 /* LCCalendarModel.h */ = {isa = PBXFileReference; fileEncoding = 4; lastKnownFileType = sourcecode.c.h; path = LCCalendarModel.h; sourceTree = "<group>"; };
		B90F52461D607D00006A1511 /* LCCalendarModel.m */ = {isa = PBXFileReference; fileEncoding = 4; lastKnownFileType = sourcecode.c.objc; path = LCCalendarModel.m; sourceTree = "<group>"; };
		B90F52481D60C1B3006A1511 /* LCCalendarContentView.h */ = {isa = PBXFileReference; fileEncoding = 4; lastKnownFileType = sourcecode.c.h; path = LCCalendarContentView.h; sourceTree = "<group>"; };
		B90F52491D60C1B3006A1511 /* LCCalendarContentView.m */ = {isa = PBXFileReference; fileEncoding = 4; lastKnownFileType = sourcecode.c.objc; path = LCCalendarContentView.m; sourceTree = "<group>"; };
		B90F524F1D60C5C5006A1511 /* LCCalendarHandler.h */ = {isa = PBXFileReference; fileEncoding = 4; lastKnownFileType = sourcecode.c.h; path = LCCalendarHandler.h; sourceTree = "<group>"; };
		B90F52501D60C5C5006A1511 /* LCCalendarHandler.m */ = {isa = PBXFileReference; fileEncoding = 4; lastKnownFileType = sourcecode.c.objc; path = LCCalendarHandler.m; sourceTree = "<group>"; };
		B932AE501D7191BB0058833E /* LCActionPickerToolBar.h */ = {isa = PBXFileReference; fileEncoding = 4; lastKnownFileType = sourcecode.c.h; path = LCActionPickerToolBar.h; sourceTree = "<group>"; };
		B932AE511D7191BB0058833E /* LCActionPickerToolBar.m */ = {isa = PBXFileReference; fileEncoding = 4; lastKnownFileType = sourcecode.c.objc; path = LCActionPickerToolBar.m; sourceTree = "<group>"; };
		B951FF811D63560C008779AE /* NSDate+LCCalendar.h */ = {isa = PBXFileReference; fileEncoding = 4; lastKnownFileType = sourcecode.c.h; path = "NSDate+LCCalendar.h"; sourceTree = "<group>"; };
		B951FF821D63560C008779AE /* NSDate+LCCalendar.m */ = {isa = PBXFileReference; fileEncoding = 4; lastKnownFileType = sourcecode.c.objc; path = "NSDate+LCCalendar.m"; sourceTree = "<group>"; };
		B951FF851D635621008779AE /* LCActionPicker.h */ = {isa = PBXFileReference; fileEncoding = 4; lastKnownFileType = sourcecode.c.h; path = LCActionPicker.h; sourceTree = "<group>"; };
		B951FF861D635621008779AE /* LCActionPicker.m */ = {isa = PBXFileReference; fileEncoding = 4; lastKnownFileType = sourcecode.c.objc; path = LCActionPicker.m; sourceTree = "<group>"; };
/* End PBXFileReference section */

/* Begin PBXFrameworksBuildPhase section */
		B90F518F1D5B7150006A1511 /* Frameworks */ = {
			isa = PBXFrameworksBuildPhase;
			buildActionMask = 2147483647;
			files = (
			);
			runOnlyForDeploymentPostprocessing = 0;
		};
		B90F51A81D5B7150006A1511 /* Frameworks */ = {
			isa = PBXFrameworksBuildPhase;
			buildActionMask = 2147483647;
			files = (
			);
			runOnlyForDeploymentPostprocessing = 0;
		};
		B90F51B31D5B7150006A1511 /* Frameworks */ = {
			isa = PBXFrameworksBuildPhase;
			buildActionMask = 2147483647;
			files = (
			);
			runOnlyForDeploymentPostprocessing = 0;
		};
/* End PBXFrameworksBuildPhase section */

/* Begin PBXGroup section */
		B90F51891D5B7150006A1511 = {
			isa = PBXGroup;
			children = (
				B90F51941D5B7150006A1511 /* LegendaryCalendar */,
				B90F51AE1D5B7150006A1511 /* LegendaryCalendarTests */,
				B90F51B91D5B7150006A1511 /* LegendaryCalendarUITests */,
				B90F51931D5B7150006A1511 /* Products */,
			);
			sourceTree = "<group>";
		};
		B90F51931D5B7150006A1511 /* Products */ = {
			isa = PBXGroup;
			children = (
				B90F51921D5B7150006A1511 /* LegendaryCalendar.app */,
				B90F51AB1D5B7150006A1511 /* LegendaryCalendarTests.xctest */,
				B90F51B61D5B7150006A1511 /* LegendaryCalendarUITests.xctest */,
			);
			name = Products;
			sourceTree = "<group>";
		};
		B90F51941D5B7150006A1511 /* LegendaryCalendar */ = {
			isa = PBXGroup;
			children = (
				B951FF7F1D63560C008779AE /* Utlis */,
				B90F522E1D5F0B7F006A1511 /* Public */,
				B90F52081D5CD07F006A1511 /* LCAppDelegate.h */,
				B90F52091D5CD07F006A1511 /* LCAppDelegate.m */,
				B90F51F01D5CCF71006A1511 /* Root */,
				B90F51EF1D5CCF22006A1511 /* Calendar */,
				B90F51A11D5B7150006A1511 /* Assets.xcassets */,
				B90F51A31D5B7150006A1511 /* LaunchScreen.storyboard */,
				B90F51A61D5B7150006A1511 /* Info.plist */,
				B90F51951D5B7150006A1511 /* Supporting Files */,
				B90F52311D5F0C0F006A1511 /* LCPrefix.pch */,
			);
			path = LegendaryCalendar;
			sourceTree = "<group>";
		};
		B90F51951D5B7150006A1511 /* Supporting Files */ = {
			isa = PBXGroup;
			children = (
				B90F51961D5B7150006A1511 /* main.m */,
			);
			name = "Supporting Files";
			sourceTree = "<group>";
		};
		B90F51AE1D5B7150006A1511 /* LegendaryCalendarTests */ = {
			isa = PBXGroup;
			children = (
				B90F51AF1D5B7150006A1511 /* LegendaryCalendarTests.m */,
				B90F51B11D5B7150006A1511 /* Info.plist */,
				B90F522C1D5E48CE006A1511 /* NSDate+LCCalendarTests.m */,
			);
			path = LegendaryCalendarTests;
			sourceTree = "<group>";
		};
		B90F51B91D5B7150006A1511 /* LegendaryCalendarUITests */ = {
			isa = PBXGroup;
			children = (
				B90F51BA1D5B7150006A1511 /* LegendaryCalendarUITests.m */,
				B90F51BC1D5B7150006A1511 /* Info.plist */,
			);
			path = LegendaryCalendarUITests;
			sourceTree = "<group>";
		};
		B90F51EF1D5CCF22006A1511 /* Calendar */ = {
			isa = PBXGroup;
			children = (
				B90F524B1D60C38A006A1511 /* Classes */,
				B90F52271D5CD3EA006A1511 /* ViewModels */,
				B90F520C1D5CD08E006A1511 /* Controllers */,
				B90F520D1D5CD08E006A1511 /* Models */,
				B90F520E1D5CD08E006A1511 /* Views */,
			);
			path = Calendar;
			sourceTree = "<group>";
		};
		B90F51F01D5CCF71006A1511 /* Root */ = {
			isa = PBXGroup;
			children = (
				B90F51FD1D5CD078006A1511 /* Controllers */,
				B90F52041D5CD078006A1511 /* Views */,
			);
			path = Root;
			sourceTree = "<group>";
		};
		B90F51FD1D5CD078006A1511 /* Controllers */ = {
			isa = PBXGroup;
			children = (
				B90F51FE1D5CD078006A1511 /* LCRootNavigationController.h */,
				B90F51FF1D5CD078006A1511 /* LCRootNavigationController.m */,
				B90F52001D5CD078006A1511 /* LCRootTabBarController.h */,
				B90F52011D5CD078006A1511 /* LCRootTabBarController.m */,
				B90F52021D5CD078006A1511 /* LCRootViewController.h */,
				B90F52031D5CD078006A1511 /* LCRootViewController.m */,
			);
			path = Controllers;
			sourceTree = "<group>";
		};
		B90F52041D5CD078006A1511 /* Views */ = {
			isa = PBXGroup;
			children = (
			);
			path = Views;
			sourceTree = "<group>";
		};
		B90F520C1D5CD08E006A1511 /* Controllers */ = {
			isa = PBXGroup;
			children = (
				B90F52361D606D95006A1511 /* LCCalendarViewController.h */,
				B90F52371D606D95006A1511 /* LCCalendarViewController.m */,
			);
			path = Controllers;
			sourceTree = "<group>";
		};
		B90F520D1D5CD08E006A1511 /* Models */ = {
			isa = PBXGroup;
			children = (
				B90F52451D607D00006A1511 /* LCCalendarModel.h */,
				B90F52461D607D00006A1511 /* LCCalendarModel.m */,
			);
			path = Models;
			sourceTree = "<group>";
		};
		B90F520E1D5CD08E006A1511 /* Views */ = {
			isa = PBXGroup;
			children = (
				B90F521E1D5CD1F0006A1511 /* LCCalendarCell.h */,
				B90F521F1D5CD1F0006A1511 /* LCCalendarCell.m */,
				B90F52391D606DB9006A1511 /* LCCalendarTitleView.h */,
				B90F523A1D606DB9006A1511 /* LCCalendarTitleView.m */,
				B90F523F1D606ECB006A1511 /* LCCalendarWeekView.h */,
				B90F52401D606ECB006A1511 /* LCCalendarWeekView.m */,
				B90F52421D607CEF006A1511 /* LCCalendarView.h */,
				B90F52431D607CEF006A1511 /* LCCalendarView.m */,
				B90F52481D60C1B3006A1511 /* LCCalendarContentView.h */,
				B90F52491D60C1B3006A1511 /* LCCalendarContentView.m */,
			);
			path = Views;
			sourceTree = "<group>";
		};
		B90F52271D5CD3EA006A1511 /* ViewModels */ = {
			isa = PBXGroup;
			children = (
				B90F52281D5CD40C006A1511 /* LCCalendarCellModel.h */,
				B90F52291D5CD40C006A1511 /* LCCalendarCellModel.m */,
			);
			name = ViewModels;
			path = Models/ViewModels;
			sourceTree = "<group>";
		};
		B90F522E1D5F0B7F006A1511 /* Public */ = {
			isa = PBXGroup;
			children = (
				B90F52321D5FA614006A1511 /* LCScrollView */,
			);
			path = Public;
			sourceTree = "<group>";
		};
		B90F52321D5FA614006A1511 /* LCScrollView */ = {
			isa = PBXGroup;
			children = (
				B90F52331D5FA629006A1511 /* LCScrollView.h */,
				B90F52341D5FA629006A1511 /* LCScrollView.m */,
			);
			path = LCScrollView;
			sourceTree = "<group>";
		};
		B90F524B1D60C38A006A1511 /* Classes */ = {
			isa = PBXGroup;
			children = (
				B90F524F1D60C5C5006A1511 /* LCCalendarHandler.h */,
				B90F52501D60C5C5006A1511 /* LCCalendarHandler.m */,
			);
			path = Classes;
			sourceTree = "<group>";
		};
		B951FF7F1D63560C008779AE /* Utlis */ = {
			isa = PBXGroup;
			children = (
				B951FF801D63560C008779AE /* Catagories */,
				B951FF831D63560C008779AE /* LCActionPicker */,
			);
			path = Utlis;
			sourceTree = "<group>";
		};
		B951FF801D63560C008779AE /* Catagories */ = {
			isa = PBXGroup;
			children = (
				B951FF811D63560C008779AE /* NSDate+LCCalendar.h */,
				B951FF821D63560C008779AE /* NSDate+LCCalendar.m */,
			);
			path = Catagories;
			sourceTree = "<group>";
		};
		B951FF831D63560C008779AE /* LCActionPicker */ = {
			isa = PBXGroup;
			children = (
				B951FF851D635621008779AE /* LCActionPicker.h */,
				B951FF861D635621008779AE /* LCActionPicker.m */,
				B932AE501D7191BB0058833E /* LCActionPickerToolBar.h */,
				B932AE511D7191BB0058833E /* LCActionPickerToolBar.m */,
			);
			path = LCActionPicker;
			sourceTree = "<group>";
		};
/* End PBXGroup section */

/* Begin PBXNativeTarget section */
		B90F51911D5B7150006A1511 /* LegendaryCalendar */ = {
			isa = PBXNativeTarget;
			buildConfigurationList = B90F51BF1D5B7150006A1511 /* Build configuration list for PBXNativeTarget "LegendaryCalendar" */;
			buildPhases = (
				B90F518E1D5B7150006A1511 /* Sources */,
				B90F518F1D5B7150006A1511 /* Frameworks */,
				B90F51901D5B7150006A1511 /* Resources */,
			);
			buildRules = (
			);
			dependencies = (
			);
			name = LegendaryCalendar;
			productName = LegendaryCalendar;
			productReference = B90F51921D5B7150006A1511 /* LegendaryCalendar.app */;
			productType = "com.apple.product-type.application";
		};
		B90F51AA1D5B7150006A1511 /* LegendaryCalendarTests */ = {
			isa = PBXNativeTarget;
			buildConfigurationList = B90F51C21D5B7150006A1511 /* Build configuration list for PBXNativeTarget "LegendaryCalendarTests" */;
			buildPhases = (
				B90F51A71D5B7150006A1511 /* Sources */,
				B90F51A81D5B7150006A1511 /* Frameworks */,
				B90F51A91D5B7150006A1511 /* Resources */,
			);
			buildRules = (
			);
			dependencies = (
				B90F51AD1D5B7150006A1511 /* PBXTargetDependency */,
			);
			name = LegendaryCalendarTests;
			productName = LegendaryCalendarTests;
			productReference = B90F51AB1D5B7150006A1511 /* LegendaryCalendarTests.xctest */;
			productType = "com.apple.product-type.bundle.unit-test";
		};
		B90F51B51D5B7150006A1511 /* LegendaryCalendarUITests */ = {
			isa = PBXNativeTarget;
			buildConfigurationList = B90F51C51D5B7150006A1511 /* Build configuration list for PBXNativeTarget "LegendaryCalendarUITests" */;
			buildPhases = (
				B90F51B21D5B7150006A1511 /* Sources */,
				B90F51B31D5B7150006A1511 /* Frameworks */,
				B90F51B41D5B7150006A1511 /* Resources */,
			);
			buildRules = (
			);
			dependencies = (
				B90F51B81D5B7150006A1511 /* PBXTargetDependency */,
			);
			name = LegendaryCalendarUITests;
			productName = LegendaryCalendarUITests;
			productReference = B90F51B61D5B7150006A1511 /* LegendaryCalendarUITests.xctest */;
			productType = "com.apple.product-type.bundle.ui-testing";
		};
/* End PBXNativeTarget section */

/* Begin PBXProject section */
		B90F518A1D5B7150006A1511 /* Project object */ = {
			isa = PBXProject;
			attributes = {
				LastUpgradeCheck = 0730;
				ORGANIZATIONNAME = jojoting;
				TargetAttributes = {
					B90F51911D5B7150006A1511 = {
						CreatedOnToolsVersion = 7.3.1;
						DevelopmentTeam = EL267FJ9ZW;
					};
					B90F51AA1D5B7150006A1511 = {
						CreatedOnToolsVersion = 7.3.1;
						TestTargetID = B90F51911D5B7150006A1511;
					};
					B90F51B51D5B7150006A1511 = {
						CreatedOnToolsVersion = 7.3.1;
						TestTargetID = B90F51911D5B7150006A1511;
					};
				};
			};
			buildConfigurationList = B90F518D1D5B7150006A1511 /* Build configuration list for PBXProject "LegendaryCalendar" */;
			compatibilityVersion = "Xcode 3.2";
			developmentRegion = English;
			hasScannedForEncodings = 0;
			knownRegions = (
				en,
				Base,
			);
			mainGroup = B90F51891D5B7150006A1511;
			productRefGroup = B90F51931D5B7150006A1511 /* Products */;
			projectDirPath = "";
			projectRoot = "";
			targets = (
				B90F51911D5B7150006A1511 /* LegendaryCalendar */,
				B90F51AA1D5B7150006A1511 /* LegendaryCalendarTests */,
				B90F51B51D5B7150006A1511 /* LegendaryCalendarUITests */,
			);
		};
/* End PBXProject section */

/* Begin PBXResourcesBuildPhase section */
		B90F51901D5B7150006A1511 /* Resources */ = {
			isa = PBXResourcesBuildPhase;
			buildActionMask = 2147483647;
			files = (
				B90F51A51D5B7150006A1511 /* LaunchScreen.storyboard in Resources */,
				B90F51A21D5B7150006A1511 /* Assets.xcassets in Resources */,
			);
			runOnlyForDeploymentPostprocessing = 0;
		};
		B90F51A91D5B7150006A1511 /* Resources */ = {
			isa = PBXResourcesBuildPhase;
			buildActionMask = 2147483647;
			files = (
			);
			runOnlyForDeploymentPostprocessing = 0;
		};
		B90F51B41D5B7150006A1511 /* Resources */ = {
			isa = PBXResourcesBuildPhase;
			buildActionMask = 2147483647;
			files = (
			);
			runOnlyForDeploymentPostprocessing = 0;
		};
/* End PBXResourcesBuildPhase section */

/* Begin PBXSourcesBuildPhase section */
		B90F518E1D5B7150006A1511 /* Sources */ = {
			isa = PBXSourcesBuildPhase;
			buildActionMask = 2147483647;
			files = (
				B90F51971D5B7150006A1511 /* main.m in Sources */,
				B951FF841D63560C008779AE /* NSDate+LCCalendar.m in Sources */,
				B90F52381D606D95006A1511 /* LCCalendarViewController.m in Sources */,
				B90F52061D5CD078006A1511 /* LCRootTabBarController.m in Sources */,
				B90F52351D5FA629006A1511 /* LCScrollView.m in Sources */,
				B90F52441D607CEF006A1511 /* LCCalendarView.m in Sources */,
				B90F52511D60C5C5006A1511 /* LCCalendarHandler.m in Sources */,
				B951FF871D635621008779AE /* LCActionPicker.m in Sources */,
				B90F524A1D60C1B3006A1511 /* LCCalendarContentView.m in Sources */,
				B90F52071D5CD078006A1511 /* LCRootViewController.m in Sources */,
				B90F52471D607D00006A1511 /* LCCalendarModel.m in Sources */,
				B90F522A1D5CD40C006A1511 /* LCCalendarCellModel.m in Sources */,
				B90F52051D5CD078006A1511 /* LCRootNavigationController.m in Sources */,
				B90F52201D5CD1F0006A1511 /* LCCalendarCell.m in Sources */,
				B90F520A1D5CD07F006A1511 /* LCAppDelegate.m in Sources */,
				B90F523B1D606DB9006A1511 /* LCCalendarTitleView.m in Sources */,
				B932AE521D7191BB0058833E /* LCActionPickerToolBar.m in Sources */,
				B90F52411D606ECB006A1511 /* LCCalendarWeekView.m in Sources */,
			);
			runOnlyForDeploymentPostprocessing = 0;
		};
		B90F51A71D5B7150006A1511 /* Sources */ = {
			isa = PBXSourcesBuildPhase;
			buildActionMask = 2147483647;
			files = (
				B90F51B01D5B7150006A1511 /* LegendaryCalendarTests.m in Sources */,
				B90F522D1D5E48CE006A1511 /* NSDate+LCCalendarTests.m in Sources */,
			);
			runOnlyForDeploymentPostprocessing = 0;
		};
		B90F51B21D5B7150006A1511 /* Sources */ = {
			isa = PBXSourcesBuildPhase;
			buildActionMask = 2147483647;
			files = (
				B90F51BB1D5B7150006A1511 /* LegendaryCalendarUITests.m in Sources */,
			);
			runOnlyForDeploymentPostprocessing = 0;
		};
/* End PBXSourcesBuildPhase section */

/* Begin PBXTargetDependency section */
		B90F51AD1D5B7150006A1511 /* PBXTargetDependency */ = {
			isa = PBXTargetDependency;
			target = B90F51911D5B7150006A1511 /* LegendaryCalendar */;
			targetProxy = B90F51AC1D5B7150006A1511 /* PBXContainerItemProxy */;
		};
		B90F51B81D5B7150006A1511 /* PBXTargetDependency */ = {
			isa = PBXTargetDependency;
			target = B90F51911D5B7150006A1511 /* LegendaryCalendar */;
			targetProxy = B90F51B71D5B7150006A1511 /* PBXContainerItemProxy */;
		};
/* End PBXTargetDependency section */

/* Begin PBXVariantGroup section */
		B90F51A31D5B7150006A1511 /* LaunchScreen.storyboard */ = {
			isa = PBXVariantGroup;
			children = (
				B90F51A41D5B7150006A1511 /* Base */,
			);
			name = LaunchScreen.storyboard;
			sourceTree = "<group>";
		};
/* End PBXVariantGroup section */

/* Begin XCBuildConfiguration section */
		B90F51BD1D5B7150006A1511 /* Debug */ = {
			isa = XCBuildConfiguration;
			buildSettings = {
				ALWAYS_SEARCH_USER_PATHS = NO;
				CLANG_ANALYZER_NONNULL = YES;
				CLANG_CXX_LANGUAGE_STANDARD = "gnu++0x";
				CLANG_CXX_LIBRARY = "libc++";
				CLANG_ENABLE_MODULES = YES;
				CLANG_ENABLE_OBJC_ARC = YES;
				CLANG_WARN_BOOL_CONVERSION = YES;
				CLANG_WARN_CONSTANT_CONVERSION = YES;
				CLANG_WARN_DIRECT_OBJC_ISA_USAGE = YES_ERROR;
				CLANG_WARN_EMPTY_BODY = YES;
				CLANG_WARN_ENUM_CONVERSION = YES;
				CLANG_WARN_INT_CONVERSION = YES;
				CLANG_WARN_OBJC_ROOT_CLASS = YES_ERROR;
				CLANG_WARN_UNREACHABLE_CODE = YES;
				CLANG_WARN__DUPLICATE_METHOD_MATCH = YES;
				"CODE_SIGN_IDENTITY[sdk=iphoneos*]" = "iPhone Developer";
				COPY_PHASE_STRIP = NO;
				DEBUG_INFORMATION_FORMAT = dwarf;
				ENABLE_STRICT_OBJC_MSGSEND = YES;
				ENABLE_TESTABILITY = YES;
				GCC_C_LANGUAGE_STANDARD = gnu99;
				GCC_DYNAMIC_NO_PIC = NO;
				GCC_NO_COMMON_BLOCKS = YES;
				GCC_OPTIMIZATION_LEVEL = 0;
				GCC_PREPROCESSOR_DEFINITIONS = (
					"DEBUG=1",
					"$(inherited)",
				);
				GCC_WARN_64_TO_32_BIT_CONVERSION = YES;
				GCC_WARN_ABOUT_RETURN_TYPE = YES_ERROR;
				GCC_WARN_UNDECLARED_SELECTOR = YES;
				GCC_WARN_UNINITIALIZED_AUTOS = YES_AGGRESSIVE;
				GCC_WARN_UNUSED_FUNCTION = YES;
				GCC_WARN_UNUSED_VARIABLE = YES;
				IPHONEOS_DEPLOYMENT_TARGET = 9.3;
				MTL_ENABLE_DEBUG_INFO = YES;
				ONLY_ACTIVE_ARCH = YES;
				SDKROOT = iphoneos;
			};
			name = Debug;
		};
		B90F51BE1D5B7150006A1511 /* Release */ = {
			isa = XCBuildConfiguration;
			buildSettings = {
				ALWAYS_SEARCH_USER_PATHS = NO;
				CLANG_ANALYZER_NONNULL = YES;
				CLANG_CXX_LANGUAGE_STANDARD = "gnu++0x";
				CLANG_CXX_LIBRARY = "libc++";
				CLANG_ENABLE_MODULES = YES;
				CLANG_ENABLE_OBJC_ARC = YES;
				CLANG_WARN_BOOL_CONVERSION = YES;
				CLANG_WARN_CONSTANT_CONVERSION = YES;
				CLANG_WARN_DIRECT_OBJC_ISA_USAGE = YES_ERROR;
				CLANG_WARN_EMPTY_BODY = YES;
				CLANG_WARN_ENUM_CONVERSION = YES;
				CLANG_WARN_INT_CONVERSION = YES;
				CLANG_WARN_OBJC_ROOT_CLASS = YES_ERROR;
				CLANG_WARN_UNREACHABLE_CODE = YES;
				CLANG_WARN__DUPLICATE_METHOD_MATCH = YES;
				"CODE_SIGN_IDENTITY[sdk=iphoneos*]" = "iPhone Developer";
				COPY_PHASE_STRIP = NO;
				DEBUG_INFORMATION_FORMAT = "dwarf-with-dsym";
				ENABLE_NS_ASSERTIONS = NO;
				ENABLE_STRICT_OBJC_MSGSEND = YES;
				GCC_C_LANGUAGE_STANDARD = gnu99;
				GCC_NO_COMMON_BLOCKS = YES;
				GCC_WARN_64_TO_32_BIT_CONVERSION = YES;
				GCC_WARN_ABOUT_RETURN_TYPE = YES_ERROR;
				GCC_WARN_UNDECLARED_SELECTOR = YES;
				GCC_WARN_UNINITIALIZED_AUTOS = YES_AGGRESSIVE;
				GCC_WARN_UNUSED_FUNCTION = YES;
				GCC_WARN_UNUSED_VARIABLE = YES;
				IPHONEOS_DEPLOYMENT_TARGET = 9.3;
				MTL_ENABLE_DEBUG_INFO = NO;
				SDKROOT = iphoneos;
				VALIDATE_PRODUCT = YES;
			};
			name = Release;
		};
		B90F51C01D5B7150006A1511 /* Debug */ = {
			isa = XCBuildConfiguration;
			buildSettings = {
				ASSETCATALOG_COMPILER_APPICON_NAME = AppIcon;
				CODE_SIGN_IDENTITY = "iPhone Developer";
				"CODE_SIGN_IDENTITY[sdk=iphoneos*]" = "iPhone Developer";
				GCC_PRECOMPILE_PREFIX_HEADER = YES;
				GCC_PREFIX_HEADER = "$(SRCROOT)/LegendaryCalendar/LCPrefix.pch";
				INFOPLIST_FILE = LegendaryCalendar/Info.plist;
				LD_RUNPATH_SEARCH_PATHS = "$(inherited) @executable_path/Frameworks";
				PRODUCT_BUNDLE_IDENTIFIER = jojo.LegendaryCalendar;
				PRODUCT_NAME = "$(TARGET_NAME)";
				PROVISIONING_PROFILE = "";
			};
			name = Debug;
		};
		B90F51C11D5B7150006A1511 /* Release */ = {
			isa = XCBuildConfiguration;
			buildSettings = {
				ASSETCATALOG_COMPILER_APPICON_NAME = AppIcon;
				CODE_SIGN_IDENTITY = "iPhone Developer";
				"CODE_SIGN_IDENTITY[sdk=iphoneos*]" = "iPhone Developer";
				GCC_PRECOMPILE_PREFIX_HEADER = YES;
				GCC_PREFIX_HEADER = "$(SRCROOT)/LegendaryCalendar/LCPrefix.pch";
				INFOPLIST_FILE = LegendaryCalendar/Info.plist;
				LD_RUNPATH_SEARCH_PATHS = "$(inherited) @executable_path/Frameworks";
				PRODUCT_BUNDLE_IDENTIFIER = jojo.LegendaryCalendar;
				PRODUCT_NAME = "$(TARGET_NAME)";
				PROVISIONING_PROFILE = "";
			};
			name = Release;
		};
		B90F51C31D5B7150006A1511 /* Debug */ = {
			isa = XCBuildConfiguration;
			buildSettings = {
				BUNDLE_LOADER = "$(TEST_HOST)";
				INFOPLIST_FILE = LegendaryCalendarTests/Info.plist;
				LD_RUNPATH_SEARCH_PATHS = "$(inherited) @executable_path/Frameworks @loader_path/Frameworks";
				PRODUCT_BUNDLE_IDENTIFIER = jojo.LegendaryCalendarTests;
				PRODUCT_NAME = "$(TARGET_NAME)";
				TEST_HOST = "$(BUILT_PRODUCTS_DIR)/LegendaryCalendar.app/LegendaryCalendar";
			};
			name = Debug;
		};
		B90F51C41D5B7150006A1511 /* Release */ = {
			isa = XCBuildConfiguration;
			buildSettings = {
				BUNDLE_LOADER = "$(TEST_HOST)";
				INFOPLIST_FILE = LegendaryCalendarTests/Info.plist;
				LD_RUNPATH_SEARCH_PATHS = "$(inherited) @executable_path/Frameworks @loader_path/Frameworks";
				PRODUCT_BUNDLE_IDENTIFIER = jojo.LegendaryCalendarTests;
				PRODUCT_NAME = "$(TARGET_NAME)";
				TEST_HOST = "$(BUILT_PRODUCTS_DIR)/LegendaryCalendar.app/LegendaryCalendar";
			};
			name = Release;
		};
		B90F51C61D5B7150006A1511 /* Debug */ = {
			isa = XCBuildConfiguration;
			buildSettings = {
				INFOPLIST_FILE = LegendaryCalendarUITests/Info.plist;
				LD_RUNPATH_SEARCH_PATHS = "$(inherited) @executable_path/Frameworks @loader_path/Frameworks";
				PRODUCT_BUNDLE_IDENTIFIER = jojo.LegendaryCalendarUITests;
				PRODUCT_NAME = "$(TARGET_NAME)";
				TEST_TARGET_NAME = LegendaryCalendar;
			};
			name = Debug;
		};
		B90F51C71D5B7150006A1511 /* Release */ = {
			isa = XCBuildConfiguration;
			buildSettings = {
				INFOPLIST_FILE = LegendaryCalendarUITests/Info.plist;
				LD_RUNPATH_SEARCH_PATHS = "$(inherited) @executable_path/Frameworks @loader_path/Frameworks";
				PRODUCT_BUNDLE_IDENTIFIER = jojo.LegendaryCalendarUITests;
				PRODUCT_NAME = "$(TARGET_NAME)";
				TEST_TARGET_NAME = LegendaryCalendar;
			};
			name = Release;
		};
/* End XCBuildConfiguration section */

/* Begin XCConfigurationList section */
		B90F518D1D5B7150006A1511 /* Build configuration list for PBXProject "LegendaryCalendar" */ = {
			isa = XCConfigurationList;
			buildConfigurations = (
				B90F51BD1D5B7150006A1511 /* Debug */,
				B90F51BE1D5B7150006A1511 /* Release */,
			);
			defaultConfigurationIsVisible = 0;
			defaultConfigurationName = Release;
		};
		B90F51BF1D5B7150006A1511 /* Build configuration list for PBXNativeTarget "LegendaryCalendar" */ = {
			isa = XCConfigurationList;
			buildConfigurations = (
				B90F51C01D5B7150006A1511 /* Debug */,
				B90F51C11D5B7150006A1511 /* Release */,
			);
			defaultConfigurationIsVisible = 0;
			defaultConfigurationName = Release;
		};
		B90F51C21D5B7150006A1511 /* Build configuration list for PBXNativeTarget "LegendaryCalendarTests" */ = {
			isa = XCConfigurationList;
			buildConfigurations = (
				B90F51C31D5B7150006A1511 /* Debug */,
				B90F51C41D5B7150006A1511 /* Release */,
			);
			defaultConfigurationIsVisible = 0;
			defaultConfigurationName = Release;
		};
		B90F51C51D5B7150006A1511 /* Build configuration list for PBXNativeTarget "LegendaryCalendarUITests" */ = {
			isa = XCConfigurationList;
			buildConfigurations = (
				B90F51C61D5B7150006A1511 /* Debug */,
				B90F51C71D5B7150006A1511 /* Release */,
			);
			defaultConfigurationIsVisible = 0;
			defaultConfigurationName = Release;
		};
/* End XCConfigurationList section */
	};
	rootObject = B90F518A1D5B7150006A1511 /* Project object */;
}
